// !$*UTF8*$!
{
	archiveVersion = 1;
	classes = {
	};
	objectVersion = 77;
	objects = {

/* Begin PBXBuildFile section */
		011094ABAC4009D12620CCA2 /* ClipboardHistoryRepository.swift in Sources */ = {isa = PBXBuildFile; fileRef = 58DF15ADF1FC329CEEF688B7 /* ClipboardHistoryRepository.swift */; };
		01C7F6957DC3CEC8BBD507D1 /* AccessibilityPermissionService.swift in Sources */ = {isa = PBXBuildFile; fileRef = 3F8B7DF2950D64834EB69656 /* AccessibilityPermissionService.swift */; };
		069348900FA46945D165BF86 /* ClipboardWriter.swift in Sources */ = {isa = PBXBuildFile; fileRef = 98BDE95C6AF6440C112C429F /* ClipboardWriter.swift */; };
		0C28D58779C8D25529230CA2 /* TextHashService.swift in Sources */ = {isa = PBXBuildFile; fileRef = 3C65CF736363160B42E2DD14 /* TextHashService.swift */; };
		0C65F8FE7CFFC3953282CD6C /* CaptureEventAggregationServiceTests.swift in Sources */ = {isa = PBXBuildFile; fileRef = 2E39EAC0DD6A7A15B05E1874 /* CaptureEventAggregationServiceTests.swift */; };
		10D680D50B0CC4B9A4FCDAAF /* LoginItemServiceTests.swift in Sources */ = {isa = PBXBuildFile; fileRef = 27C11A578184EFF27D18A9F1 /* LoginItemServiceTests.swift */; };
		1522713FD0A67FE0298E4630 /* CaptureSourceIdentity.swift in Sources */ = {isa = PBXBuildFile; fileRef = 131B1A13CAE069281F2ACA31 /* CaptureSourceIdentity.swift */; };
		17AC1FA752FE2E3F5DBACC4F /* DatabaseError.swift in Sources */ = {isa = PBXBuildFile; fileRef = C460F95BF141E93F164222C8 /* DatabaseError.swift */; };
		1C6F097CA9FFBFC7592C27B8 /* UserDefaultsConfigTests.swift in Sources */ = {isa = PBXBuildFile; fileRef = FB6F4680A83FC93FC8C83231 /* UserDefaultsConfigTests.swift */; };
		22B74485D557CB9C2AB76909 /* DefaultSettings.swift in Sources */ = {isa = PBXBuildFile; fileRef = 4B338A6B60AAD24098AED942 /* DefaultSettings.swift */; };
		2375DDAB97E9E95B4B8CC822 /* AccessibilityPermissionServiceTests.swift in Sources */ = {isa = PBXBuildFile; fileRef = 5497D8AB235434FE28BC74C2 /* AccessibilityPermissionServiceTests.swift */; };
		2443498BC10F3C1C106775B0 /* DataCleanupService.swift in Sources */ = {isa = PBXBuildFile; fileRef = F7E6205E6E9C67B90AAA6E2D /* DataCleanupService.swift */; };
		2636A66F404EABD2ACB3BD5D /* ClipboardCaptureEventSummary.swift in Sources */ = {isa = PBXBuildFile; fileRef = 31311F1A5D8D066973CEB005 /* ClipboardCaptureEventSummary.swift */; };
		295A104399EE5F6714338E4A /* ClipboardRestorationState.swift in Sources */ = {isa = PBXBuildFile; fileRef = A35C0BCF17E0DE4CDC8061BE /* ClipboardRestorationState.swift */; };
		2A70146F10A28C866750713A /* SettingsViewModel.swift in Sources */ = {isa = PBXBuildFile; fileRef = 59402AFB167155D2052B9985 /* SettingsViewModel.swift */; };
		328D4794FA4950D9718A033F /* ClipboardImageCandidate.swift in Sources */ = {isa = PBXBuildFile; fileRef = C59BAFAC1C74299F1C61B42B /* ClipboardImageCandidate.swift */; };
		37FF1E6FD06935B4DA0259F0 /* ContentDetectionResult.swift in Sources */ = {isa = PBXBuildFile; fileRef = 3F48EB1E4D92BF880CD6974F /* ContentDetectionResult.swift */; };
		3841EFD663A37370D5B44609 /* DatabaseInitializationError.swift in Sources */ = {isa = PBXBuildFile; fileRef = AA9F7E4E1BC07B3F3A799331 /* DatabaseInitializationError.swift */; };
		3B04136002EA0FE092076FC0 /* ShortcutService.swift in Sources */ = {isa = PBXBuildFile; fileRef = BED5FD8B43422A0E656B4B92 /* ShortcutService.swift */; };
		3E6F1F2E3E0E87730935290B /* OCRStatus.swift in Sources */ = {isa = PBXBuildFile; fileRef = FA3C97A9266895F2F11AEF57 /* OCRStatus.swift */; };
		3FAB1CAF33074F9006A5F1AF /* ClipboardHistoryFeatureRepositoryTests.swift in Sources */ = {isa = PBXBuildFile; fileRef = B072DD971CEDDEEDE47A73E8 /* ClipboardHistoryFeatureRepositoryTests.swift */; };
		40088273EF6307945A0B2CC5 /* BrandAndInteractionTests.swift in Sources */ = {isa = PBXBuildFile; fileRef = B767AC344F256AF17B3295BB /* BrandAndInteractionTests.swift */; };
		4277E0657496BF8DC5F915D7 /* ClipboardHistoryRepositoryTests.swift in Sources */ = {isa = PBXBuildFile; fileRef = 9A9868E957927B329E3952DC /* ClipboardHistoryRepositoryTests.swift */; };
		449733AFE10778F76D63DFD3 /* AppPreferencesService.swift in Sources */ = {isa = PBXBuildFile; fileRef = BC1EB8AD16FC09D837A3B0B7 /* AppPreferencesService.swift */; };
		453A37E3DD053946CA83FDD4 /* ClipboardHistoryViewModelTests.swift in Sources */ = {isa = PBXBuildFile; fileRef = 0208A62A39A83C2313DD5D25 /* ClipboardHistoryViewModelTests.swift */; };
		4805ACD5C7F7BEA61F22E37B /* HistoryPanelWindowTests.swift in Sources */ = {isa = PBXBuildFile; fileRef = 98B0BECB6E7C868ACACBCB2F /* HistoryPanelWindowTests.swift */; };
		499C45159CAEE137B0CAF84A /* PasteboardProviding.swift in Sources */ = {isa = PBXBuildFile; fileRef = F51D268A1A0B6929929C1BE5 /* PasteboardProviding.swift */; };
		4AB554A32A2605C96BB05E0E /* DerivedClipboardRecordRequest.swift in Sources */ = {isa = PBXBuildFile; fileRef = BB53290F614325F318D14D0C /* DerivedClipboardRecordRequest.swift */; };
		4C934047ADEDD6DF40706B3B /* ShortcutConfiguration.swift in Sources */ = {isa = PBXBuildFile; fileRef = C5C48E776837A0472D9524D0 /* ShortcutConfiguration.swift */; };
		515A00C1AE85C7AC851E5D76 /* TextHashServiceTests.swift in Sources */ = {isa = PBXBuildFile; fileRef = DF9519F036C97A9264A2759F /* TextHashServiceTests.swift */; };
		51F5DD43735015FCF93755F1 /* FoundationTests.swift in Sources */ = {isa = PBXBuildFile; fileRef = 00052CCBAC4699A44FC9CAD6 /* FoundationTests.swift */; };
		543AEA1046875946E7C79E84 /* LanguageManagerTests.swift in Sources */ = {isa = PBXBuildFile; fileRef = B4414FB10A3F5CC021D04E7A /* LanguageManagerTests.swift */; };
		5A5437D547195395F2B0224D /* Localizable.strings in Resources */ = {isa = PBXBuildFile; fileRef = 7731B5D73B3DC7A84E766B31 /* Localizable.strings */; };
		5BC70D5CA9FA8B077AD1AC6B /* L10nTests.swift in Sources */ = {isa = PBXBuildFile; fileRef = E6E67296D95AB2047DCDD6CA /* L10nTests.swift */; };
		5D1620F78FBBD4360747D420 /* ShortcutServiceTests.swift in Sources */ = {isa = PBXBuildFile; fileRef = 4E10FB7CE29E874C22EEA1AA /* ShortcutServiceTests.swift */; };
		6410400CD0BD250E5A890AA0 /* ClipboardReaderTests.swift in Sources */ = {isa = PBXBuildFile; fileRef = 8871ADA9F38F04715C165D8A /* ClipboardReaderTests.swift */; };
		644D8435B33FCEF92F836022 /* ClipboardCaptureEvent.swift in Sources */ = {isa = PBXBuildFile; fileRef = A84851A17AD0CB150B4AA9DB /* ClipboardCaptureEvent.swift */; };
		6990B2E06115AAB8C01ED5C4 /* ApplicationSupportService.swift in Sources */ = {isa = PBXBuildFile; fileRef = AE0A5C8D1AE532528D2CBAEA /* ApplicationSupportService.swift */; };
		6A366A3D191CCB7119280B57 /* StoredClipboardImage.swift in Sources */ = {isa = PBXBuildFile; fileRef = C930D2F90FBF0BDDA6585C26 /* StoredClipboardImage.swift */; };
		6B1BE67B60B931E30E3D5525 /* MigrationManagerV3Tests.swift in Sources */ = {isa = PBXBuildFile; fileRef = 75017D048F1328871A53753C /* MigrationManagerV3Tests.swift */; };
		6E2AB18C2EC6E7315E57141D /* ImageStorageService.swift in Sources */ = {isa = PBXBuildFile; fileRef = 372CFB32FB2BB2F592282F06 /* ImageStorageService.swift */; };
		6E5E659F2E9A924A69D57EB2 /* ClipboardContentType.swift in Sources */ = {isa = PBXBuildFile; fileRef = AFE8BEC5C26EEC8756371148 /* ClipboardContentType.swift */; };
		71426B9021280E94D7539B59 /* DatabaseInitializer.swift in Sources */ = {isa = PBXBuildFile; fileRef = CCD73045A8756D418C97F929 /* DatabaseInitializer.swift */; };
		724DE67B7ED6AFA12ADBA092 /* Logger.swift in Sources */ = {isa = PBXBuildFile; fileRef = EB9D1A51C599E31B32062B14 /* Logger.swift */; };
		8059994676147193B55260EA /* AppPreferencesServiceTests.swift in Sources */ = {isa = PBXBuildFile; fileRef = 31BED0192DB3783C3D7B0A3A /* AppPreferencesServiceTests.swift */; };
		884F99A1DD25AFB369419BF9 /* AppBrand.swift in Sources */ = {isa = PBXBuildFile; fileRef = DC972C7F0AEC2C99D7E86314 /* AppBrand.swift */; };
		8C0476B6DCD46A790616DDA5 /* DerivedSourcePreviewBuilderTests.swift in Sources */ = {isa = PBXBuildFile; fileRef = 3E9E1D49C4A98E591C276B06 /* DerivedSourcePreviewBuilderTests.swift */; };
		91F5BFFC202182E5FC7733FE /* ImageStorageServiceTests.swift in Sources */ = {isa = PBXBuildFile; fileRef = CA0C921950775062031F5338 /* ImageStorageServiceTests.swift */; };
		9819F865E31CDCA64F589AEC /* SourceApplicationProvider.swift in Sources */ = {isa = PBXBuildFile; fileRef = 5BF30F9481AFEB3D51C6704D /* SourceApplicationProvider.swift */; };
		9A689474C1BC54A9D315A53F /* Assets.xcassets in Resources */ = {isa = PBXBuildFile; fileRef = DC22C0FBF11262EEF86116E6 /* Assets.xcassets */; };
		9C9C29E5C09B18DE4C65A32F /* DataCleanupServiceTests.swift in Sources */ = {isa = PBXBuildFile; fileRef = 743CC28A4160E940086FF435 /* DataCleanupServiceTests.swift */; };
		9E33297BA6AD31D24783AA4B /* MacPasteHistoryApp.swift in Sources */ = {isa = PBXBuildFile; fileRef = 72C597E123F2DDF8153F0730 /* MacPasteHistoryApp.swift */; };
		9F5DAEB4D9E1A4741FBCCC57 /* UserDefaultsConfig.swift in Sources */ = {isa = PBXBuildFile; fileRef = E7321BADEEC59E2320F4C3F2 /* UserDefaultsConfig.swift */; };
		A06277B1EB833C3D8A3D0408 /* ApplicationSupportServiceTests.swift in Sources */ = {isa = PBXBuildFile; fileRef = 78AB745C884B8764CE5032B4 /* ApplicationSupportServiceTests.swift */; };
		A0901342E1D5D85884011DE6 /* MigrationManager.swift in Sources */ = {isa = PBXBuildFile; fileRef = BF83AD77E858B66519E0818C /* MigrationManager.swift */; };
		A6C3DFE01ACEB729EE68DCC0 /* DerivedSourcePreviewBuilder.swift in Sources */ = {isa = PBXBuildFile; fileRef = 7D7EFA7DFDEF493B0F238F22 /* DerivedSourcePreviewBuilder.swift */; };
		A9608B93A43BB52D98F327AC /* AppDelegate.swift in Sources */ = {isa = PBXBuildFile; fileRef = CBFB2FF0430D2E76216AFDFB /* AppDelegate.swift */; };
		AA1C10D6831D38ABDFCDBF2C /* DatabaseConnection.swift in Sources */ = {isa = PBXBuildFile; fileRef = 731F5A4FD87B6D86CEC3FCF0 /* DatabaseConnection.swift */; };
		AAEA0FB90CD051CCB9FFCF05 /* L10n.swift in Sources */ = {isa = PBXBuildFile; fileRef = 17FEB9AABB37848925A7279D /* L10n.swift */; };
		AB88A6377412D6A4D747B974 /* BlockedAppEntry.swift in Sources */ = {isa = PBXBuildFile; fileRef = F5494612831C707DAC4547F3 /* BlockedAppEntry.swift */; };
		AC35936FD8D5F32A5AB8DE4A /* HistoryRowInteraction.swift in Sources */ = {isa = PBXBuildFile; fileRef = D75B1D5FA0ADD84C44EA212A /* HistoryRowInteraction.swift */; };
		AEE680C63F09BD5BF264371C /* ClipboardReader.swift in Sources */ = {isa = PBXBuildFile; fileRef = 0708A6AE053FF672A9AA3F81 /* ClipboardReader.swift */; };
		B2F64534573C7F1F6794C4D2 /* CaptureEventAggregationService.swift in Sources */ = {isa = PBXBuildFile; fileRef = BD7CEEB23D61BD06C65D45B9 /* CaptureEventAggregationService.swift */; };
		B3A5C8D4E246251CEEB7F789 /* CaptureEventAggregationPreferences.swift in Sources */ = {isa = PBXBuildFile; fileRef = 0E1070E8E8CDA4CBF8F4436D /* CaptureEventAggregationPreferences.swift */; };
		B6F10FC2A5BE87AA854D8FD1 /* DatabaseConnectionTests.swift in Sources */ = {isa = PBXBuildFile; fileRef = D903633419211F65BA481279 /* DatabaseConnectionTests.swift */; };
		BBB21CE9D5205457B2405E96 /* InfoPlist.strings in Resources */ = {isa = PBXBuildFile; fileRef = 29573C23DA2EA58B87F07E67 /* InfoPlist.strings */; };
		C31DD94AC6018F6598D13BDD /* PasteCommandServiceTests.swift in Sources */ = {isa = PBXBuildFile; fileRef = 1020A653220EFFBC5ACAA2E3 /* PasteCommandServiceTests.swift */; };
		C671291185ECF90066323DD1 /* ClipboardMonitorTests.swift in Sources */ = {isa = PBXBuildFile; fileRef = 70152E6843F0A38D02981D98 /* ClipboardMonitorTests.swift */; };
		C7DD814F1D07B66090A4EA6A /* HistoryQuery.swift in Sources */ = {isa = PBXBuildFile; fileRef = 548547071FD81AC03035F12B /* HistoryQuery.swift */; };
		CD8035321EA2EC09F7BFB2CA /* LoginItemService.swift in Sources */ = {isa = PBXBuildFile; fileRef = C42979051F78EB5C5490EB0D /* LoginItemService.swift */; };
		D0343A7EFD403E45E0BB102A /* RecordingSettingsProvider.swift in Sources */ = {isa = PBXBuildFile; fileRef = 660DF8A3E084F5528CDA0377 /* RecordingSettingsProvider.swift */; };
		D09FC8C882D0219377FE589E /* DetectedContentType.swift in Sources */ = {isa = PBXBuildFile; fileRef = EDFB0AEE8E21DF1FDD95CFAD /* DetectedContentType.swift */; };
		D88BA81DA5D23903BF90C802 /* ClipboardHistoryItemTests.swift in Sources */ = {isa = PBXBuildFile; fileRef = 7E0075F30BCCB87C608E3E54 /* ClipboardHistoryItemTests.swift */; };
		DB7516515C2D20BBBA657FBA /* PasteCommandService.swift in Sources */ = {isa = PBXBuildFile; fileRef = E1FB76BFCE8E190C38BA03E2 /* PasteCommandService.swift */; };
		DBC4FCC299904D397A04BB5B /* LanguageManager.swift in Sources */ = {isa = PBXBuildFile; fileRef = C86BC4F2970CB95298BA952A /* LanguageManager.swift */; };
		DC8D0956E6285A2FCA834E32 /* ClipboardWriterTests.swift in Sources */ = {isa = PBXBuildFile; fileRef = BB3A11A0FCB0A7321DF42DE6 /* ClipboardWriterTests.swift */; };
		DFD5429305E3E20BD782BC47 /* SettingsViewModelTests.swift in Sources */ = {isa = PBXBuildFile; fileRef = 2E55F424CA92901CF8D4CEE9 /* SettingsViewModelTests.swift */; };
		E03AC9DDE858B563279B518B /* HistoryDisplayFormatterTests.swift in Sources */ = {isa = PBXBuildFile; fileRef = 32AEDC1E96FB4037FDB80C48 /* HistoryDisplayFormatterTests.swift */; };
		E3DD6B6E5D7E3785194C2662 /* MainPanelView.swift in Sources */ = {isa = PBXBuildFile; fileRef = 9B7194653D8500E14A302130 /* MainPanelView.swift */; };
		E5DDCC390AD7C0238D1BE220 /* DatabaseOpenMode.swift in Sources */ = {isa = PBXBuildFile; fileRef = 7015B041EC3C34CBC99B1682 /* DatabaseOpenMode.swift */; };
		E5FB6752B47A25EBDC9A11ED /* ClipboardDataClearServiceTests.swift in Sources */ = {isa = PBXBuildFile; fileRef = A8C923F9CF7454DC666E5A4F /* ClipboardDataClearServiceTests.swift */; };
		E75651B64D65C712528FA95B /* ClipboardHistoryViewModel.swift in Sources */ = {isa = PBXBuildFile; fileRef = D5D7232AB046B2CD2E4D7FBF /* ClipboardHistoryViewModel.swift */; };
		E7C64CAA955DDED488FE4F82 /* PrivacyService.swift in Sources */ = {isa = PBXBuildFile; fileRef = 0F41BE278810E2DD572202D9 /* PrivacyService.swift */; };
		EAAD021EC8FECEEA4E9A0B49 /* ClipboardDataClearService.swift in Sources */ = {isa = PBXBuildFile; fileRef = 9EB1793FC1F6FDA78BA53AAD /* ClipboardDataClearService.swift */; };
		EE421C564255C193BB94B491 /* HistoryDisplayFormatter.swift in Sources */ = {isa = PBXBuildFile; fileRef = 0CE48E59FEF9C13008A8ECB0 /* HistoryDisplayFormatter.swift */; };
		EF7786E48BC003993CB30F30 /* ClipboardImageFormat.swift in Sources */ = {isa = PBXBuildFile; fileRef = 3E1D6F5C44168AD2BACA310B /* ClipboardImageFormat.swift */; };
		EFEF620FBCA32EA04050ED68 /* HistoryPanelWindow.swift in Sources */ = {isa = PBXBuildFile; fileRef = 3B897F204577B88F8592A84A /* HistoryPanelWindow.swift */; };
		F2AFE6515F148B80AD245122 /* libsqlite3.tbd in Frameworks */ = {isa = PBXBuildFile; fileRef = 6951BC15A0B84956EB3E7651 /* libsqlite3.tbd */; };
		F3AD302D3FD61E70260CD8AD /* ClipboardHistoryItem.swift in Sources */ = {isa = PBXBuildFile; fileRef = 723C5BAD7C17EA92449252F2 /* ClipboardHistoryItem.swift */; };
		F620653DEABE2A9E310E7548 /* ClipboardMonitor.swift in Sources */ = {isa = PBXBuildFile; fileRef = 86FC8AC050CA3EA5F3067537 /* ClipboardMonitor.swift */; };
		F79E726B2994469DEB5D4383 /* SettingsView.swift in Sources */ = {isa = PBXBuildFile; fileRef = E6E4FA64682900B660E3D556 /* SettingsView.swift */; };
		F83F0C57443370A6679E9E1B /* AppRelauncherTests.swift in Sources */ = {isa = PBXBuildFile; fileRef = 58FC4586C30773065939C943 /* AppRelauncherTests.swift */; };
		FB4FB0068B83A90C2F92863E /* TemporaryDatabase.swift in Sources */ = {isa = PBXBuildFile; fileRef = BE6C1C2F8B2DC483BF257DA5 /* TemporaryDatabase.swift */; };
		FE5E3DF528DCC08C32284276 /* AppRelauncher.swift in Sources */ = {isa = PBXBuildFile; fileRef = DC1CAF3A929708296DAA564D /* AppRelauncher.swift */; };
/* End PBXBuildFile section */

/* Begin PBXContainerItemProxy section */
		A9C8E9ABD0740E29D7D09F81 /* PBXContainerItemProxy */ = {
			isa = PBXContainerItemProxy;
			containerPortal = 0696C65F22B084462184F43C /* Project object */;
			proxyType = 1;
			remoteGlobalIDString = C88E910CE2B505C7E98A98EA;
			remoteInfo = MacPasteHistory;
		};
/* End PBXContainerItemProxy section */

/* Begin PBXFileReference section */
		00052CCBAC4699A44FC9CAD6 /* FoundationTests.swift */ = {isa = PBXFileReference; lastKnownFileType = sourcecode.swift; path = FoundationTests.swift; sourceTree = "<group>"; };
		0208A62A39A83C2313DD5D25 /* ClipboardHistoryViewModelTests.swift */ = {isa = PBXFileReference; lastKnownFileType = sourcecode.swift; path = ClipboardHistoryViewModelTests.swift; sourceTree = "<group>"; };
		0708A6AE053FF672A9AA3F81 /* ClipboardReader.swift */ = {isa = PBXFileReference; lastKnownFileType = sourcecode.swift; path = ClipboardReader.swift; sourceTree = "<group>"; };
		0CE48E59FEF9C13008A8ECB0 /* HistoryDisplayFormatter.swift */ = {isa = PBXFileReference; lastKnownFileType = sourcecode.swift; path = HistoryDisplayFormatter.swift; sourceTree = "<group>"; };
		0E1070E8E8CDA4CBF8F4436D /* CaptureEventAggregationPreferences.swift */ = {isa = PBXFileReference; lastKnownFileType = sourcecode.swift; path = CaptureEventAggregationPreferences.swift; sourceTree = "<group>"; };
		0F41BE278810E2DD572202D9 /* PrivacyService.swift */ = {isa = PBXFileReference; lastKnownFileType = sourcecode.swift; path = PrivacyService.swift; sourceTree = "<group>"; };
		1020A653220EFFBC5ACAA2E3 /* PasteCommandServiceTests.swift */ = {isa = PBXFileReference; lastKnownFileType = sourcecode.swift; path = PasteCommandServiceTests.swift; sourceTree = "<group>"; };
		131B1A13CAE069281F2ACA31 /* CaptureSourceIdentity.swift */ = {isa = PBXFileReference; lastKnownFileType = sourcecode.swift; path = CaptureSourceIdentity.swift; sourceTree = "<group>"; };
		17FEB9AABB37848925A7279D /* L10n.swift */ = {isa = PBXFileReference; lastKnownFileType = sourcecode.swift; path = L10n.swift; sourceTree = "<group>"; };
		27C11A578184EFF27D18A9F1 /* LoginItemServiceTests.swift */ = {isa = PBXFileReference; lastKnownFileType = sourcecode.swift; path = LoginItemServiceTests.swift; sourceTree = "<group>"; };
		2E39EAC0DD6A7A15B05E1874 /* CaptureEventAggregationServiceTests.swift */ = {isa = PBXFileReference; lastKnownFileType = sourcecode.swift; path = CaptureEventAggregationServiceTests.swift; sourceTree = "<group>"; };
		2E55F424CA92901CF8D4CEE9 /* SettingsViewModelTests.swift */ = {isa = PBXFileReference; lastKnownFileType = sourcecode.swift; path = SettingsViewModelTests.swift; sourceTree = "<group>"; };
		2EB3D0E9AB8CB7B255F7CE69 /* en */ = {isa = PBXFileReference; lastKnownFileType = text.plist.strings; name = en; path = en.lproj/Localizable.strings; sourceTree = "<group>"; };
		31311F1A5D8D066973CEB005 /* ClipboardCaptureEventSummary.swift */ = {isa = PBXFileReference; lastKnownFileType = sourcecode.swift; path = ClipboardCaptureEventSummary.swift; sourceTree = "<group>"; };
		31BED0192DB3783C3D7B0A3A /* AppPreferencesServiceTests.swift */ = {isa = PBXFileReference; lastKnownFileType = sourcecode.swift; path = AppPreferencesServiceTests.swift; sourceTree = "<group>"; };
		32AEDC1E96FB4037FDB80C48 /* HistoryDisplayFormatterTests.swift */ = {isa = PBXFileReference; lastKnownFileType = sourcecode.swift; path = HistoryDisplayFormatterTests.swift; sourceTree = "<group>"; };
		372CFB32FB2BB2F592282F06 /* ImageStorageService.swift */ = {isa = PBXFileReference; lastKnownFileType = sourcecode.swift; path = ImageStorageService.swift; sourceTree = "<group>"; };
		3B897F204577B88F8592A84A /* HistoryPanelWindow.swift */ = {isa = PBXFileReference; lastKnownFileType = sourcecode.swift; path = HistoryPanelWindow.swift; sourceTree = "<group>"; };
		3C65CF736363160B42E2DD14 /* TextHashService.swift */ = {isa = PBXFileReference; lastKnownFileType = sourcecode.swift; path = TextHashService.swift; sourceTree = "<group>"; };
		3E1D6F5C44168AD2BACA310B /* ClipboardImageFormat.swift */ = {isa = PBXFileReference; lastKnownFileType = sourcecode.swift; path = ClipboardImageFormat.swift; sourceTree = "<group>"; };
		3E9E1D49C4A98E591C276B06 /* DerivedSourcePreviewBuilderTests.swift */ = {isa = PBXFileReference; lastKnownFileType = sourcecode.swift; path = DerivedSourcePreviewBuilderTests.swift; sourceTree = "<group>"; };
		3F48EB1E4D92BF880CD6974F /* ContentDetectionResult.swift */ = {isa = PBXFileReference; lastKnownFileType = sourcecode.swift; path = ContentDetectionResult.swift; sourceTree = "<group>"; };
		3F8B7DF2950D64834EB69656 /* AccessibilityPermissionService.swift */ = {isa = PBXFileReference; lastKnownFileType = sourcecode.swift; path = AccessibilityPermissionService.swift; sourceTree = "<group>"; };
		4B338A6B60AAD24098AED942 /* DefaultSettings.swift */ = {isa = PBXFileReference; lastKnownFileType = sourcecode.swift; path = DefaultSettings.swift; sourceTree = "<group>"; };
		4BB47224BFA6BE4EB45D35AD /* MacPasteHistory.app */ = {isa = PBXFileReference; explicitFileType = wrapper.application; includeInIndex = 0; path = MacPasteHistory.app; sourceTree = BUILT_PRODUCTS_DIR; };
		4E10FB7CE29E874C22EEA1AA /* ShortcutServiceTests.swift */ = {isa = PBXFileReference; lastKnownFileType = sourcecode.swift; path = ShortcutServiceTests.swift; sourceTree = "<group>"; };
		548547071FD81AC03035F12B /* HistoryQuery.swift */ = {isa = PBXFileReference; lastKnownFileType = sourcecode.swift; path = HistoryQuery.swift; sourceTree = "<group>"; };
		5497D8AB235434FE28BC74C2 /* AccessibilityPermissionServiceTests.swift */ = {isa = PBXFileReference; lastKnownFileType = sourcecode.swift; path = AccessibilityPermissionServiceTests.swift; sourceTree = "<group>"; };
		58DF15ADF1FC329CEEF688B7 /* ClipboardHistoryRepository.swift */ = {isa = PBXFileReference; lastKnownFileType = sourcecode.swift; path = ClipboardHistoryRepository.swift; sourceTree = "<group>"; };
		58FC4586C30773065939C943 /* AppRelauncherTests.swift */ = {isa = PBXFileReference; lastKnownFileType = sourcecode.swift; path = AppRelauncherTests.swift; sourceTree = "<group>"; };
		59208848085D4AB891E060B3 /* zh-Hans */ = {isa = PBXFileReference; lastKnownFileType = text.plist.strings; name = "zh-Hans"; path = "zh-Hans.lproj/Localizable.strings"; sourceTree = "<group>"; };
		59402AFB167155D2052B9985 /* SettingsViewModel.swift */ = {isa = PBXFileReference; lastKnownFileType = sourcecode.swift; path = SettingsViewModel.swift; sourceTree = "<group>"; };
		5A44707E11FB2289B05227C6 /* MacPasteHistory.entitlements */ = {isa = PBXFileReference; lastKnownFileType = text.plist.entitlements; path = MacPasteHistory.entitlements; sourceTree = "<group>"; };
		5BF30F9481AFEB3D51C6704D /* SourceApplicationProvider.swift */ = {isa = PBXFileReference; lastKnownFileType = sourcecode.swift; path = SourceApplicationProvider.swift; sourceTree = "<group>"; };
		624AFC48AA090F21DACC8478 /* MacPasteHistoryTests.xctest */ = {isa = PBXFileReference; explicitFileType = wrapper.cfbundle; includeInIndex = 0; path = MacPasteHistoryTests.xctest; sourceTree = BUILT_PRODUCTS_DIR; };
		660DF8A3E084F5528CDA0377 /* RecordingSettingsProvider.swift */ = {isa = PBXFileReference; lastKnownFileType = sourcecode.swift; path = RecordingSettingsProvider.swift; sourceTree = "<group>"; };
		6951BC15A0B84956EB3E7651 /* libsqlite3.tbd */ = {isa = PBXFileReference; lastKnownFileType = "sourcecode.text-based-dylib-definition"; name = libsqlite3.tbd; path = usr/lib/libsqlite3.tbd; sourceTree = SDKROOT; };
		6EA83C8C80D0B13E13534ADE /* zh-Hans */ = {isa = PBXFileReference; lastKnownFileType = text.plist.strings; name = "zh-Hans"; path = "zh-Hans.lproj/InfoPlist.strings"; sourceTree = "<group>"; };
		70152E6843F0A38D02981D98 /* ClipboardMonitorTests.swift */ = {isa = PBXFileReference; lastKnownFileType = sourcecode.swift; path = ClipboardMonitorTests.swift; sourceTree = "<group>"; };
		7015B041EC3C34CBC99B1682 /* DatabaseOpenMode.swift */ = {isa = PBXFileReference; lastKnownFileType = sourcecode.swift; path = DatabaseOpenMode.swift; sourceTree = "<group>"; };
		723C5BAD7C17EA92449252F2 /* ClipboardHistoryItem.swift */ = {isa = PBXFileReference; lastKnownFileType = sourcecode.swift; path = ClipboardHistoryItem.swift; sourceTree = "<group>"; };
		72C597E123F2DDF8153F0730 /* MacPasteHistoryApp.swift */ = {isa = PBXFileReference; lastKnownFileType = sourcecode.swift; path = MacPasteHistoryApp.swift; sourceTree = "<group>"; };
		731F5A4FD87B6D86CEC3FCF0 /* DatabaseConnection.swift */ = {isa = PBXFileReference; lastKnownFileType = sourcecode.swift; path = DatabaseConnection.swift; sourceTree = "<group>"; };
		743CC28A4160E940086FF435 /* DataCleanupServiceTests.swift */ = {isa = PBXFileReference; lastKnownFileType = sourcecode.swift; path = DataCleanupServiceTests.swift; sourceTree = "<group>"; };
		75017D048F1328871A53753C /* MigrationManagerV3Tests.swift */ = {isa = PBXFileReference; lastKnownFileType = sourcecode.swift; path = MigrationManagerV3Tests.swift; sourceTree = "<group>"; };
		78AB745C884B8764CE5032B4 /* ApplicationSupportServiceTests.swift */ = {isa = PBXFileReference; lastKnownFileType = sourcecode.swift; path = ApplicationSupportServiceTests.swift; sourceTree = "<group>"; };
		795D9763E81217A7815A0721 /* zh-Hant */ = {isa = PBXFileReference; lastKnownFileType = text.plist.strings; name = "zh-Hant"; path = "zh-Hant.lproj/Localizable.strings"; sourceTree = "<group>"; };
		7D7EFA7DFDEF493B0F238F22 /* DerivedSourcePreviewBuilder.swift */ = {isa = PBXFileReference; lastKnownFileType = sourcecode.swift; path = DerivedSourcePreviewBuilder.swift; sourceTree = "<group>"; };
		7E0075F30BCCB87C608E3E54 /* ClipboardHistoryItemTests.swift */ = {isa = PBXFileReference; lastKnownFileType = sourcecode.swift; path = ClipboardHistoryItemTests.swift; sourceTree = "<group>"; };
		82932B375731722A4F2D8C7D /* Info.plist */ = {isa = PBXFileReference; lastKnownFileType = text.plist; path = Info.plist; sourceTree = "<group>"; };
		86FC8AC050CA3EA5F3067537 /* ClipboardMonitor.swift */ = {isa = PBXFileReference; lastKnownFileType = sourcecode.swift; path = ClipboardMonitor.swift; sourceTree = "<group>"; };
		8871ADA9F38F04715C165D8A /* ClipboardReaderTests.swift */ = {isa = PBXFileReference; lastKnownFileType = sourcecode.swift; path = ClipboardReaderTests.swift; sourceTree = "<group>"; };
		98B0BECB6E7C868ACACBCB2F /* HistoryPanelWindowTests.swift */ = {isa = PBXFileReference; lastKnownFileType = sourcecode.swift; path = HistoryPanelWindowTests.swift; sourceTree = "<group>"; };
		98BDE95C6AF6440C112C429F /* ClipboardWriter.swift */ = {isa = PBXFileReference; lastKnownFileType = sourcecode.swift; path = ClipboardWriter.swift; sourceTree = "<group>"; };
		9A9868E957927B329E3952DC /* ClipboardHistoryRepositoryTests.swift */ = {isa = PBXFileReference; lastKnownFileType = sourcecode.swift; path = ClipboardHistoryRepositoryTests.swift; sourceTree = "<group>"; };
		9B7194653D8500E14A302130 /* MainPanelView.swift */ = {isa = PBXFileReference; lastKnownFileType = sourcecode.swift; path = MainPanelView.swift; sourceTree = "<group>"; };
		9EB1793FC1F6FDA78BA53AAD /* ClipboardDataClearService.swift */ = {isa = PBXFileReference; lastKnownFileType = sourcecode.swift; path = ClipboardDataClearService.swift; sourceTree = "<group>"; };
		A17D6CC36FFC7B290BC5CBAE /* en */ = {isa = PBXFileReference; lastKnownFileType = text.plist.strings; name = en; path = en.lproj/InfoPlist.strings; sourceTree = "<group>"; };
		A35C0BCF17E0DE4CDC8061BE /* ClipboardRestorationState.swift */ = {isa = PBXFileReference; lastKnownFileType = sourcecode.swift; path = ClipboardRestorationState.swift; sourceTree = "<group>"; };
		A84851A17AD0CB150B4AA9DB /* ClipboardCaptureEvent.swift */ = {isa = PBXFileReference; lastKnownFileType = sourcecode.swift; path = ClipboardCaptureEvent.swift; sourceTree = "<group>"; };
		A8C923F9CF7454DC666E5A4F /* ClipboardDataClearServiceTests.swift */ = {isa = PBXFileReference; lastKnownFileType = sourcecode.swift; path = ClipboardDataClearServiceTests.swift; sourceTree = "<group>"; };
		AA9F7E4E1BC07B3F3A799331 /* DatabaseInitializationError.swift */ = {isa = PBXFileReference; lastKnownFileType = sourcecode.swift; path = DatabaseInitializationError.swift; sourceTree = "<group>"; };
		AE0A5C8D1AE532528D2CBAEA /* ApplicationSupportService.swift */ = {isa = PBXFileReference; lastKnownFileType = sourcecode.swift; path = ApplicationSupportService.swift; sourceTree = "<group>"; };
		AFE8BEC5C26EEC8756371148 /* ClipboardContentType.swift */ = {isa = PBXFileReference; lastKnownFileType = sourcecode.swift; path = ClipboardContentType.swift; sourceTree = "<group>"; };
		B072DD971CEDDEEDE47A73E8 /* ClipboardHistoryFeatureRepositoryTests.swift */ = {isa = PBXFileReference; lastKnownFileType = sourcecode.swift; path = ClipboardHistoryFeatureRepositoryTests.swift; sourceTree = "<group>"; };
		B4414FB10A3F5CC021D04E7A /* LanguageManagerTests.swift */ = {isa = PBXFileReference; lastKnownFileType = sourcecode.swift; path = LanguageManagerTests.swift; sourceTree = "<group>"; };
		B767AC344F256AF17B3295BB /* BrandAndInteractionTests.swift */ = {isa = PBXFileReference; lastKnownFileType = sourcecode.swift; path = BrandAndInteractionTests.swift; sourceTree = "<group>"; };
		BB3A11A0FCB0A7321DF42DE6 /* ClipboardWriterTests.swift */ = {isa = PBXFileReference; lastKnownFileType = sourcecode.swift; path = ClipboardWriterTests.swift; sourceTree = "<group>"; };
		BB53290F614325F318D14D0C /* DerivedClipboardRecordRequest.swift */ = {isa = PBXFileReference; lastKnownFileType = sourcecode.swift; path = DerivedClipboardRecordRequest.swift; sourceTree = "<group>"; };
		BC1EB8AD16FC09D837A3B0B7 /* AppPreferencesService.swift */ = {isa = PBXFileReference; lastKnownFileType = sourcecode.swift; path = AppPreferencesService.swift; sourceTree = "<group>"; };
		BD7CEEB23D61BD06C65D45B9 /* CaptureEventAggregationService.swift */ = {isa = PBXFileReference; lastKnownFileType = sourcecode.swift; path = CaptureEventAggregationService.swift; sourceTree = "<group>"; };
		BE6C1C2F8B2DC483BF257DA5 /* TemporaryDatabase.swift */ = {isa = PBXFileReference; lastKnownFileType = sourcecode.swift; path = TemporaryDatabase.swift; sourceTree = "<group>"; };
		BED5FD8B43422A0E656B4B92 /* ShortcutService.swift */ = {isa = PBXFileReference; lastKnownFileType = sourcecode.swift; path = ShortcutService.swift; sourceTree = "<group>"; };
		BF83AD77E858B66519E0818C /* MigrationManager.swift */ = {isa = PBXFileReference; lastKnownFileType = sourcecode.swift; path = MigrationManager.swift; sourceTree = "<group>"; };
		C42979051F78EB5C5490EB0D /* LoginItemService.swift */ = {isa = PBXFileReference; lastKnownFileType = sourcecode.swift; path = LoginItemService.swift; sourceTree = "<group>"; };
		C460F95BF141E93F164222C8 /* DatabaseError.swift */ = {isa = PBXFileReference; lastKnownFileType = sourcecode.swift; path = DatabaseError.swift; sourceTree = "<group>"; };
		C59BAFAC1C74299F1C61B42B /* ClipboardImageCandidate.swift */ = {isa = PBXFileReference; lastKnownFileType = sourcecode.swift; path = ClipboardImageCandidate.swift; sourceTree = "<group>"; };
		C5C48E776837A0472D9524D0 /* ShortcutConfiguration.swift */ = {isa = PBXFileReference; lastKnownFileType = sourcecode.swift; path = ShortcutConfiguration.swift; sourceTree = "<group>"; };
		C86BC4F2970CB95298BA952A /* LanguageManager.swift */ = {isa = PBXFileReference; lastKnownFileType = sourcecode.swift; path = LanguageManager.swift; sourceTree = "<group>"; };
		C930D2F90FBF0BDDA6585C26 /* StoredClipboardImage.swift */ = {isa = PBXFileReference; lastKnownFileType = sourcecode.swift; path = StoredClipboardImage.swift; sourceTree = "<group>"; };
		CA0C921950775062031F5338 /* ImageStorageServiceTests.swift */ = {isa = PBXFileReference; lastKnownFileType = sourcecode.swift; path = ImageStorageServiceTests.swift; sourceTree = "<group>"; };
		CBFB2FF0430D2E76216AFDFB /* AppDelegate.swift */ = {isa = PBXFileReference; lastKnownFileType = sourcecode.swift; path = AppDelegate.swift; sourceTree = "<group>"; };
		CCD73045A8756D418C97F929 /* DatabaseInitializer.swift */ = {isa = PBXFileReference; lastKnownFileType = sourcecode.swift; path = DatabaseInitializer.swift; sourceTree = "<group>"; };
		D23878887B967095A61459A7 /* zh-Hant */ = {isa = PBXFileReference; lastKnownFileType = text.plist.strings; name = "zh-Hant"; path = "zh-Hant.lproj/InfoPlist.strings"; sourceTree = "<group>"; };
		D5D7232AB046B2CD2E4D7FBF /* ClipboardHistoryViewModel.swift */ = {isa = PBXFileReference; lastKnownFileType = sourcecode.swift; path = ClipboardHistoryViewModel.swift; sourceTree = "<group>"; };
		D75B1D5FA0ADD84C44EA212A /* HistoryRowInteraction.swift */ = {isa = PBXFileReference; lastKnownFileType = sourcecode.swift; path = HistoryRowInteraction.swift; sourceTree = "<group>"; };
		D903633419211F65BA481279 /* DatabaseConnectionTests.swift */ = {isa = PBXFileReference; lastKnownFileType = sourcecode.swift; path = DatabaseConnectionTests.swift; sourceTree = "<group>"; };
		DC1CAF3A929708296DAA564D /* AppRelauncher.swift */ = {isa = PBXFileReference; lastKnownFileType = sourcecode.swift; path = AppRelauncher.swift; sourceTree = "<group>"; };
		DC22C0FBF11262EEF86116E6 /* Assets.xcassets */ = {isa = PBXFileReference; lastKnownFileType = folder.assetcatalog; path = Assets.xcassets; sourceTree = "<group>"; };
		DC972C7F0AEC2C99D7E86314 /* AppBrand.swift */ = {isa = PBXFileReference; lastKnownFileType = sourcecode.swift; path = AppBrand.swift; sourceTree = "<group>"; };
		DF9519F036C97A9264A2759F /* TextHashServiceTests.swift */ = {isa = PBXFileReference; lastKnownFileType = sourcecode.swift; path = TextHashServiceTests.swift; sourceTree = "<group>"; };
		E1FB76BFCE8E190C38BA03E2 /* PasteCommandService.swift */ = {isa = PBXFileReference; lastKnownFileType = sourcecode.swift; path = PasteCommandService.swift; sourceTree = "<group>"; };
		E6E4FA64682900B660E3D556 /* SettingsView.swift */ = {isa = PBXFileReference; lastKnownFileType = sourcecode.swift; path = SettingsView.swift; sourceTree = "<group>"; };
		E6E67296D95AB2047DCDD6CA /* L10nTests.swift */ = {isa = PBXFileReference; lastKnownFileType = sourcecode.swift; path = L10nTests.swift; sourceTree = "<group>"; };
		E7321BADEEC59E2320F4C3F2 /* UserDefaultsConfig.swift */ = {isa = PBXFileReference; lastKnownFileType = sourcecode.swift; path = UserDefaultsConfig.swift; sourceTree = "<group>"; };
		EB9D1A51C599E31B32062B14 /* Logger.swift */ = {isa = PBXFileReference; lastKnownFileType = sourcecode.swift; path = Logger.swift; sourceTree = "<group>"; };
		EDFB0AEE8E21DF1FDD95CFAD /* DetectedContentType.swift */ = {isa = PBXFileReference; lastKnownFileType = sourcecode.swift; path = DetectedContentType.swift; sourceTree = "<group>"; };
		F51D268A1A0B6929929C1BE5 /* PasteboardProviding.swift */ = {isa = PBXFileReference; lastKnownFileType = sourcecode.swift; path = PasteboardProviding.swift; sourceTree = "<group>"; };
		F5494612831C707DAC4547F3 /* BlockedAppEntry.swift */ = {isa = PBXFileReference; lastKnownFileType = sourcecode.swift; path = BlockedAppEntry.swift; sourceTree = "<group>"; };
		F7E6205E6E9C67B90AAA6E2D /* DataCleanupService.swift */ = {isa = PBXFileReference; lastKnownFileType = sourcecode.swift; path = DataCleanupService.swift; sourceTree = "<group>"; };
		FA3C97A9266895F2F11AEF57 /* OCRStatus.swift */ = {isa = PBXFileReference; lastKnownFileType = sourcecode.swift; path = OCRStatus.swift; sourceTree = "<group>"; };
		FB6F4680A83FC93FC8C83231 /* UserDefaultsConfigTests.swift */ = {isa = PBXFileReference; lastKnownFileType = sourcecode.swift; path = UserDefaultsConfigTests.swift; sourceTree = "<group>"; };
/* End PBXFileReference section */

/* Begin PBXFrameworksBuildPhase section */
		7930E9C8A4F3CFCEEA5FC970 /* Frameworks */ = {
			isa = PBXFrameworksBuildPhase;
			buildActionMask = 2147483647;
			files = (
				F2AFE6515F148B80AD245122 /* libsqlite3.tbd in Frameworks */,
			);
			runOnlyForDeploymentPostprocessing = 0;
		};
/* End PBXFrameworksBuildPhase section */

/* Begin PBXGroup section */
		0A32CD3E9A74923331EF1FCD /* ViewModels */ = {
			isa = PBXGroup;
			children = (
				D5D7232AB046B2CD2E4D7FBF /* ClipboardHistoryViewModel.swift */,
				59402AFB167155D2052B9985 /* SettingsViewModel.swift */,
			);
			path = ViewModels;
			sourceTree = "<group>";
		};
		1209E52D3EADF6B40CE74490 /* MacPasteHistoryTests */ = {
			isa = PBXGroup;
			children = (
				5497D8AB235434FE28BC74C2 /* AccessibilityPermissionServiceTests.swift */,
				78AB745C884B8764CE5032B4 /* ApplicationSupportServiceTests.swift */,
				31BED0192DB3783C3D7B0A3A /* AppPreferencesServiceTests.swift */,
				58FC4586C30773065939C943 /* AppRelauncherTests.swift */,
				B767AC344F256AF17B3295BB /* BrandAndInteractionTests.swift */,
				2E39EAC0DD6A7A15B05E1874 /* CaptureEventAggregationServiceTests.swift */,
				A8C923F9CF7454DC666E5A4F /* ClipboardDataClearServiceTests.swift */,
				B072DD971CEDDEEDE47A73E8 /* ClipboardHistoryFeatureRepositoryTests.swift */,
				7E0075F30BCCB87C608E3E54 /* ClipboardHistoryItemTests.swift */,
				9A9868E957927B329E3952DC /* ClipboardHistoryRepositoryTests.swift */,
				0208A62A39A83C2313DD5D25 /* ClipboardHistoryViewModelTests.swift */,
				70152E6843F0A38D02981D98 /* ClipboardMonitorTests.swift */,
				8871ADA9F38F04715C165D8A /* ClipboardReaderTests.swift */,
				BB3A11A0FCB0A7321DF42DE6 /* ClipboardWriterTests.swift */,
				D903633419211F65BA481279 /* DatabaseConnectionTests.swift */,
				743CC28A4160E940086FF435 /* DataCleanupServiceTests.swift */,
				3E9E1D49C4A98E591C276B06 /* DerivedSourcePreviewBuilderTests.swift */,
				00052CCBAC4699A44FC9CAD6 /* FoundationTests.swift */,
				32AEDC1E96FB4037FDB80C48 /* HistoryDisplayFormatterTests.swift */,
				98B0BECB6E7C868ACACBCB2F /* HistoryPanelWindowTests.swift */,
				CA0C921950775062031F5338 /* ImageStorageServiceTests.swift */,
				E6E67296D95AB2047DCDD6CA /* L10nTests.swift */,
				B4414FB10A3F5CC021D04E7A /* LanguageManagerTests.swift */,
				27C11A578184EFF27D18A9F1 /* LoginItemServiceTests.swift */,
				75017D048F1328871A53753C /* MigrationManagerV3Tests.swift */,
				1020A653220EFFBC5ACAA2E3 /* PasteCommandServiceTests.swift */,
				2E55F424CA92901CF8D4CEE9 /* SettingsViewModelTests.swift */,
				4E10FB7CE29E874C22EEA1AA /* ShortcutServiceTests.swift */,
				DF9519F036C97A9264A2759F /* TextHashServiceTests.swift */,
				FB6F4680A83FC93FC8C83231 /* UserDefaultsConfigTests.swift */,
				95E71092E204F152CBEBA0CB /* TestSupport */,
			);
			path = MacPasteHistoryTests;
			sourceTree = "<group>";
		};
		1A3B155658320636977D8781 = {
			isa = PBXGroup;
			children = (
				A86F3A65C7399AF44BF5B2CF /* MacPasteHistory */,
				1209E52D3EADF6B40CE74490 /* MacPasteHistoryTests */,
				4C1072444A5D298673CD6928 /* Frameworks */,
				567CAEC9BC071847F339113E /* Products */,
			);
			sourceTree = "<group>";
		};
		1EC58BE790E254C93B8CE3A9 /* Utils */ = {
			isa = PBXGroup;
			children = (
				131B1A13CAE069281F2ACA31 /* CaptureSourceIdentity.swift */,
				4B338A6B60AAD24098AED942 /* DefaultSettings.swift */,
				0CE48E59FEF9C13008A8ECB0 /* HistoryDisplayFormatter.swift */,
				EB9D1A51C599E31B32062B14 /* Logger.swift */,
			);
			path = Utils;
			sourceTree = "<group>";
		};
		266F8BA982373BAE8820BF57 /* Clipboard */ = {
			isa = PBXGroup;
			children = (
				86FC8AC050CA3EA5F3067537 /* ClipboardMonitor.swift */,
				0708A6AE053FF672A9AA3F81 /* ClipboardReader.swift */,
				A35C0BCF17E0DE4CDC8061BE /* ClipboardRestorationState.swift */,
				98BDE95C6AF6440C112C429F /* ClipboardWriter.swift */,
				F51D268A1A0B6929929C1BE5 /* PasteboardProviding.swift */,
				3C65CF736363160B42E2DD14 /* TextHashService.swift */,
			);
			path = Clipboard;
			sourceTree = "<group>";
		};
		2DF7E9CBF728078042C901A9 /* Database */ = {
			isa = PBXGroup;
			children = (
				58DF15ADF1FC329CEEF688B7 /* ClipboardHistoryRepository.swift */,
				731F5A4FD87B6D86CEC3FCF0 /* DatabaseConnection.swift */,
				C460F95BF141E93F164222C8 /* DatabaseError.swift */,
				AA9F7E4E1BC07B3F3A799331 /* DatabaseInitializationError.swift */,
				CCD73045A8756D418C97F929 /* DatabaseInitializer.swift */,
				7015B041EC3C34CBC99B1682 /* DatabaseOpenMode.swift */,
				BF83AD77E858B66519E0818C /* MigrationManager.swift */,
			);
			path = Database;
			sourceTree = "<group>";
		};
		30D2A24403EB4D95C6880B52 /* Services */ = {
			isa = PBXGroup;
			children = (
				3F8B7DF2950D64834EB69656 /* AccessibilityPermissionService.swift */,
				AE0A5C8D1AE532528D2CBAEA /* ApplicationSupportService.swift */,
				BC1EB8AD16FC09D837A3B0B7 /* AppPreferencesService.swift */,
				DC1CAF3A929708296DAA564D /* AppRelauncher.swift */,
				0E1070E8E8CDA4CBF8F4436D /* CaptureEventAggregationPreferences.swift */,
				BD7CEEB23D61BD06C65D45B9 /* CaptureEventAggregationService.swift */,
				9EB1793FC1F6FDA78BA53AAD /* ClipboardDataClearService.swift */,
				F7E6205E6E9C67B90AAA6E2D /* DataCleanupService.swift */,
				372CFB32FB2BB2F592282F06 /* ImageStorageService.swift */,
				17FEB9AABB37848925A7279D /* L10n.swift */,
				C86BC4F2970CB95298BA952A /* LanguageManager.swift */,
				C42979051F78EB5C5490EB0D /* LoginItemService.swift */,
				E1FB76BFCE8E190C38BA03E2 /* PasteCommandService.swift */,
				0F41BE278810E2DD572202D9 /* PrivacyService.swift */,
				660DF8A3E084F5528CDA0377 /* RecordingSettingsProvider.swift */,
				BED5FD8B43422A0E656B4B92 /* ShortcutService.swift */,
				5BF30F9481AFEB3D51C6704D /* SourceApplicationProvider.swift */,
				E7321BADEEC59E2320F4C3F2 /* UserDefaultsConfig.swift */,
			);
			path = Services;
			sourceTree = "<group>";
		};
		4C1072444A5D298673CD6928 /* Frameworks */ = {
			isa = PBXGroup;
			children = (
				6951BC15A0B84956EB3E7651 /* libsqlite3.tbd */,
			);
			name = Frameworks;
			sourceTree = "<group>";
		};
		567CAEC9BC071847F339113E /* Products */ = {
			isa = PBXGroup;
			children = (
				4BB47224BFA6BE4EB45D35AD /* MacPasteHistory.app */,
				624AFC48AA090F21DACC8478 /* MacPasteHistoryTests.xctest */,
			);
			name = Products;
			sourceTree = "<group>";
		};
		701B2550E74B557FBD7C9055 /* App */ = {
			isa = PBXGroup;
			children = (
				DC972C7F0AEC2C99D7E86314 /* AppBrand.swift */,
				CBFB2FF0430D2E76216AFDFB /* AppDelegate.swift */,
				3B897F204577B88F8592A84A /* HistoryPanelWindow.swift */,
				72C597E123F2DDF8153F0730 /* MacPasteHistoryApp.swift */,
			);
			path = App;
			sourceTree = "<group>";
		};
		7CBFE951E8B960E251AD8858 /* ContentActions */ = {
			isa = PBXGroup;
			children = (
				7D7EFA7DFDEF493B0F238F22 /* DerivedSourcePreviewBuilder.swift */,
			);
			path = ContentActions;
			sourceTree = "<group>";
		};
		95E71092E204F152CBEBA0CB /* TestSupport */ = {
			isa = PBXGroup;
			children = (
				BE6C1C2F8B2DC483BF257DA5 /* TemporaryDatabase.swift */,
			);
			path = TestSupport;
			sourceTree = "<group>";
		};
		A79A90EF6AB9DF4E1F99D896 /* Resources */ = {
			isa = PBXGroup;
			children = (
				DC22C0FBF11262EEF86116E6 /* Assets.xcassets */,
				82932B375731722A4F2D8C7D /* Info.plist */,
				29573C23DA2EA58B87F07E67 /* InfoPlist.strings */,
				7731B5D73B3DC7A84E766B31 /* Localizable.strings */,
			);
			path = Resources;
			sourceTree = "<group>";
		};
		A86F3A65C7399AF44BF5B2CF /* MacPasteHistory */ = {
			isa = PBXGroup;
			children = (
				5A44707E11FB2289B05227C6 /* MacPasteHistory.entitlements */,
				701B2550E74B557FBD7C9055 /* App */,
				266F8BA982373BAE8820BF57 /* Clipboard */,
				7CBFE951E8B960E251AD8858 /* ContentActions */,
				2DF7E9CBF728078042C901A9 /* Database */,
				DDCBCAE97AF7AA7A1B1722CF /* Models */,
				A79A90EF6AB9DF4E1F99D896 /* Resources */,
				30D2A24403EB4D95C6880B52 /* Services */,
				1EC58BE790E254C93B8CE3A9 /* Utils */,
				0A32CD3E9A74923331EF1FCD /* ViewModels */,
				B9B3FBE118341B6B4B59A507 /* Views */,
			);
			path = MacPasteHistory;
			sourceTree = "<group>";
		};
		B9B3FBE118341B6B4B59A507 /* Views */ = {
			isa = PBXGroup;
			children = (
				9B7194653D8500E14A302130 /* MainPanelView.swift */,
				E6E4FA64682900B660E3D556 /* SettingsView.swift */,
			);
			path = Views;
			sourceTree = "<group>";
		};
		DDCBCAE97AF7AA7A1B1722CF /* Models */ = {
			isa = PBXGroup;
			children = (
				F5494612831C707DAC4547F3 /* BlockedAppEntry.swift */,
				A84851A17AD0CB150B4AA9DB /* ClipboardCaptureEvent.swift */,
				31311F1A5D8D066973CEB005 /* ClipboardCaptureEventSummary.swift */,
				AFE8BEC5C26EEC8756371148 /* ClipboardContentType.swift */,
				723C5BAD7C17EA92449252F2 /* ClipboardHistoryItem.swift */,
				C59BAFAC1C74299F1C61B42B /* ClipboardImageCandidate.swift */,
				3E1D6F5C44168AD2BACA310B /* ClipboardImageFormat.swift */,
				3F48EB1E4D92BF880CD6974F /* ContentDetectionResult.swift */,
				BB53290F614325F318D14D0C /* DerivedClipboardRecordRequest.swift */,
				EDFB0AEE8E21DF1FDD95CFAD /* DetectedContentType.swift */,
				548547071FD81AC03035F12B /* HistoryQuery.swift */,
				D75B1D5FA0ADD84C44EA212A /* HistoryRowInteraction.swift */,
				FA3C97A9266895F2F11AEF57 /* OCRStatus.swift */,
				C5C48E776837A0472D9524D0 /* ShortcutConfiguration.swift */,
				C930D2F90FBF0BDDA6585C26 /* StoredClipboardImage.swift */,
			);
			path = Models;
			sourceTree = "<group>";
		};
/* End PBXGroup section */

/* Begin PBXNativeTarget section */
		9E1AAB4008747E22BCD71252 /* MacPasteHistoryTests */ = {
			isa = PBXNativeTarget;
			buildConfigurationList = A6410CA9612CE40FA597972E /* Build configuration list for PBXNativeTarget "MacPasteHistoryTests" */;
			buildPhases = (
				94AEBB392BA67966058CA25F /* Sources */,
			);
			buildRules = (
			);
			dependencies = (
				52F8734E8E31A1B0E5A34061 /* PBXTargetDependency */,
			);
			name = MacPasteHistoryTests;
			packageProductDependencies = (
			);
			productName = MacPasteHistoryTests;
			productReference = 624AFC48AA090F21DACC8478 /* MacPasteHistoryTests.xctest */;
			productType = "com.apple.product-type.bundle.unit-test";
		};
		C88E910CE2B505C7E98A98EA /* MacPasteHistory */ = {
			isa = PBXNativeTarget;
			buildConfigurationList = 3482D086617A7D31DD6BAF3C /* Build configuration list for PBXNativeTarget "MacPasteHistory" */;
			buildPhases = (
				D3F2ACA93DA879A47866CF54 /* Sources */,
				C372B1A5A7D088C6669988FB /* Resources */,
				7930E9C8A4F3CFCEEA5FC970 /* Frameworks */,
			);
			buildRules = (
			);
			dependencies = (
			);
			name = MacPasteHistory;
			packageProductDependencies = (
			);
			productName = MacPasteHistory;
			productReference = 4BB47224BFA6BE4EB45D35AD /* MacPasteHistory.app */;
			productType = "com.apple.product-type.application";
		};
/* End PBXNativeTarget section */

/* Begin PBXProject section */
		0696C65F22B084462184F43C /* Project object */ = {
			isa = PBXProject;
			attributes = {
				BuildIndependentTargetsInParallel = YES;
				LastUpgradeCheck = 1430;
				TargetAttributes = {
					C88E910CE2B505C7E98A98EA = {
						ProvisioningStyle = Automatic;
					};
				};
			};
			buildConfigurationList = BF2825860B0A06A7099EE807 /* Build configuration list for PBXProject "MacPasteHistory" */;
			developmentRegion = en;
			hasScannedForEncodings = 0;
			knownRegions = (
				Base,
				en,
				"zh-Hans",
				"zh-Hant",
			);
			mainGroup = 1A3B155658320636977D8781;
			minimizedProjectReferenceProxies = 1;
			preferredProjectObjectVersion = 77;
			productRefGroup = 567CAEC9BC071847F339113E /* Products */;
			projectDirPath = "";
			projectRoot = "";
			targets = (
				C88E910CE2B505C7E98A98EA /* MacPasteHistory */,
				9E1AAB4008747E22BCD71252 /* MacPasteHistoryTests */,
			);
		};
/* End PBXProject section */

/* Begin PBXResourcesBuildPhase section */
		C372B1A5A7D088C6669988FB /* Resources */ = {
			isa = PBXResourcesBuildPhase;
			buildActionMask = 2147483647;
			files = (
				9A689474C1BC54A9D315A53F /* Assets.xcassets in Resources */,
				BBB21CE9D5205457B2405E96 /* InfoPlist.strings in Resources */,
				5A5437D547195395F2B0224D /* Localizable.strings in Resources */,
			);
			runOnlyForDeploymentPostprocessing = 0;
		};
/* End PBXResourcesBuildPhase section */

/* Begin PBXSourcesBuildPhase section */
		94AEBB392BA67966058CA25F /* Sources */ = {
			isa = PBXSourcesBuildPhase;
			buildActionMask = 2147483647;
			files = (
				2375DDAB97E9E95B4B8CC822 /* AccessibilityPermissionServiceTests.swift in Sources */,
				8059994676147193B55260EA /* AppPreferencesServiceTests.swift in Sources */,
				F83F0C57443370A6679E9E1B /* AppRelauncherTests.swift in Sources */,
				A06277B1EB833C3D8A3D0408 /* ApplicationSupportServiceTests.swift in Sources */,
				40088273EF6307945A0B2CC5 /* BrandAndInteractionTests.swift in Sources */,
				0C65F8FE7CFFC3953282CD6C /* CaptureEventAggregationServiceTests.swift in Sources */,
				E5FB6752B47A25EBDC9A11ED /* ClipboardDataClearServiceTests.swift in Sources */,
				3FAB1CAF33074F9006A5F1AF /* ClipboardHistoryFeatureRepositoryTests.swift in Sources */,
				D88BA81DA5D23903BF90C802 /* ClipboardHistoryItemTests.swift in Sources */,
				4277E0657496BF8DC5F915D7 /* ClipboardHistoryRepositoryTests.swift in Sources */,
				453A37E3DD053946CA83FDD4 /* ClipboardHistoryViewModelTests.swift in Sources */,
				C671291185ECF90066323DD1 /* ClipboardMonitorTests.swift in Sources */,
				6410400CD0BD250E5A890AA0 /* ClipboardReaderTests.swift in Sources */,
				DC8D0956E6285A2FCA834E32 /* ClipboardWriterTests.swift in Sources */,
				9C9C29E5C09B18DE4C65A32F /* DataCleanupServiceTests.swift in Sources */,
				B6F10FC2A5BE87AA854D8FD1 /* DatabaseConnectionTests.swift in Sources */,
				8C0476B6DCD46A790616DDA5 /* DerivedSourcePreviewBuilderTests.swift in Sources */,
				51F5DD43735015FCF93755F1 /* FoundationTests.swift in Sources */,
				E03AC9DDE858B563279B518B /* HistoryDisplayFormatterTests.swift in Sources */,
				4805ACD5C7F7BEA61F22E37B /* HistoryPanelWindowTests.swift in Sources */,
				91F5BFFC202182E5FC7733FE /* ImageStorageServiceTests.swift in Sources */,
				5BC70D5CA9FA8B077AD1AC6B /* L10nTests.swift in Sources */,
				543AEA1046875946E7C79E84 /* LanguageManagerTests.swift in Sources */,
				10D680D50B0CC4B9A4FCDAAF /* LoginItemServiceTests.swift in Sources */,
				6B1BE67B60B931E30E3D5525 /* MigrationManagerV3Tests.swift in Sources */,
				C31DD94AC6018F6598D13BDD /* PasteCommandServiceTests.swift in Sources */,
				DFD5429305E3E20BD782BC47 /* SettingsViewModelTests.swift in Sources */,
				5D1620F78FBBD4360747D420 /* ShortcutServiceTests.swift in Sources */,
				FB4FB0068B83A90C2F92863E /* TemporaryDatabase.swift in Sources */,
				515A00C1AE85C7AC851E5D76 /* TextHashServiceTests.swift in Sources */,
				1C6F097CA9FFBFC7592C27B8 /* UserDefaultsConfigTests.swift in Sources */,
			);
			runOnlyForDeploymentPostprocessing = 0;
		};
		D3F2ACA93DA879A47866CF54 /* Sources */ = {
			isa = PBXSourcesBuildPhase;
			buildActionMask = 2147483647;
			files = (
				01C7F6957DC3CEC8BBD507D1 /* AccessibilityPermissionService.swift in Sources */,
				884F99A1DD25AFB369419BF9 /* AppBrand.swift in Sources */,
				A9608B93A43BB52D98F327AC /* AppDelegate.swift in Sources */,
				449733AFE10778F76D63DFD3 /* AppPreferencesService.swift in Sources */,
				FE5E3DF528DCC08C32284276 /* AppRelauncher.swift in Sources */,
				6990B2E06115AAB8C01ED5C4 /* ApplicationSupportService.swift in Sources */,
				AB88A6377412D6A4D747B974 /* BlockedAppEntry.swift in Sources */,
				B3A5C8D4E246251CEEB7F789 /* CaptureEventAggregationPreferences.swift in Sources */,
				B2F64534573C7F1F6794C4D2 /* CaptureEventAggregationService.swift in Sources */,
				1522713FD0A67FE0298E4630 /* CaptureSourceIdentity.swift in Sources */,
				644D8435B33FCEF92F836022 /* ClipboardCaptureEvent.swift in Sources */,
				2636A66F404EABD2ACB3BD5D /* ClipboardCaptureEventSummary.swift in Sources */,
				6E5E659F2E9A924A69D57EB2 /* ClipboardContentType.swift in Sources */,
				EAAD021EC8FECEEA4E9A0B49 /* ClipboardDataClearService.swift in Sources */,
				F3AD302D3FD61E70260CD8AD /* ClipboardHistoryItem.swift in Sources */,
				011094ABAC4009D12620CCA2 /* ClipboardHistoryRepository.swift in Sources */,
				E75651B64D65C712528FA95B /* ClipboardHistoryViewModel.swift in Sources */,
				328D4794FA4950D9718A033F /* ClipboardImageCandidate.swift in Sources */,
				EF7786E48BC003993CB30F30 /* ClipboardImageFormat.swift in Sources */,
				F620653DEABE2A9E310E7548 /* ClipboardMonitor.swift in Sources */,
				AEE680C63F09BD5BF264371C /* ClipboardReader.swift in Sources */,
				295A104399EE5F6714338E4A /* ClipboardRestorationState.swift in Sources */,
				069348900FA46945D165BF86 /* ClipboardWriter.swift in Sources */,
				37FF1E6FD06935B4DA0259F0 /* ContentDetectionResult.swift in Sources */,
				2443498BC10F3C1C106775B0 /* DataCleanupService.swift in Sources */,
				AA1C10D6831D38ABDFCDBF2C /* DatabaseConnection.swift in Sources */,
				17AC1FA752FE2E3F5DBACC4F /* DatabaseError.swift in Sources */,
				3841EFD663A37370D5B44609 /* DatabaseInitializationError.swift in Sources */,
				71426B9021280E94D7539B59 /* DatabaseInitializer.swift in Sources */,
				E5DDCC390AD7C0238D1BE220 /* DatabaseOpenMode.swift in Sources */,
				22B74485D557CB9C2AB76909 /* DefaultSettings.swift in Sources */,
				4AB554A32A2605C96BB05E0E /* DerivedClipboardRecordRequest.swift in Sources */,
				A6C3DFE01ACEB729EE68DCC0 /* DerivedSourcePreviewBuilder.swift in Sources */,
				D09FC8C882D0219377FE589E /* DetectedContentType.swift in Sources */,
				EE421C564255C193BB94B491 /* HistoryDisplayFormatter.swift in Sources */,
				EFEF620FBCA32EA04050ED68 /* HistoryPanelWindow.swift in Sources */,
				C7DD814F1D07B66090A4EA6A /* HistoryQuery.swift in Sources */,
				AC35936FD8D5F32A5AB8DE4A /* HistoryRowInteraction.swift in Sources */,
				6E2AB18C2EC6E7315E57141D /* ImageStorageService.swift in Sources */,
				AAEA0FB90CD051CCB9FFCF05 /* L10n.swift in Sources */,
				DBC4FCC299904D397A04BB5B /* LanguageManager.swift in Sources */,
				724DE67B7ED6AFA12ADBA092 /* Logger.swift in Sources */,
				CD8035321EA2EC09F7BFB2CA /* LoginItemService.swift in Sources */,
				9E33297BA6AD31D24783AA4B /* MacPasteHistoryApp.swift in Sources */,
				E3DD6B6E5D7E3785194C2662 /* MainPanelView.swift in Sources */,
				A0901342E1D5D85884011DE6 /* MigrationManager.swift in Sources */,
				3E6F1F2E3E0E87730935290B /* OCRStatus.swift in Sources */,
				DB7516515C2D20BBBA657FBA /* PasteCommandService.swift in Sources */,
				499C45159CAEE137B0CAF84A /* PasteboardProviding.swift in Sources */,
				E7C64CAA955DDED488FE4F82 /* PrivacyService.swift in Sources */,
				D0343A7EFD403E45E0BB102A /* RecordingSettingsProvider.swift in Sources */,
				F79E726B2994469DEB5D4383 /* SettingsView.swift in Sources */,
				2A70146F10A28C866750713A /* SettingsViewModel.swift in Sources */,
				4C934047ADEDD6DF40706B3B /* ShortcutConfiguration.swift in Sources */,
				3B04136002EA0FE092076FC0 /* ShortcutService.swift in Sources */,
				9819F865E31CDCA64F589AEC /* SourceApplicationProvider.swift in Sources */,
				6A366A3D191CCB7119280B57 /* StoredClipboardImage.swift in Sources */,
				0C28D58779C8D25529230CA2 /* TextHashService.swift in Sources */,
				9F5DAEB4D9E1A4741FBCCC57 /* UserDefaultsConfig.swift in Sources */,
			);
			runOnlyForDeploymentPostprocessing = 0;
		};
/* End PBXSourcesBuildPhase section */

/* Begin PBXTargetDependency section */
		52F8734E8E31A1B0E5A34061 /* PBXTargetDependency */ = {
			isa = PBXTargetDependency;
			target = C88E910CE2B505C7E98A98EA /* MacPasteHistory */;
			targetProxy = A9C8E9ABD0740E29D7D09F81 /* PBXContainerItemProxy */;
		};
/* End PBXTargetDependency section */

/* Begin PBXVariantGroup section */
		29573C23DA2EA58B87F07E67 /* InfoPlist.strings */ = {
			isa = PBXVariantGroup;
			children = (
				A17D6CC36FFC7B290BC5CBAE /* en */,
				6EA83C8C80D0B13E13534ADE /* zh-Hans */,
				D23878887B967095A61459A7 /* zh-Hant */,
			);
			name = InfoPlist.strings;
			sourceTree = "<group>";
		};
		7731B5D73B3DC7A84E766B31 /* Localizable.strings */ = {
			isa = PBXVariantGroup;
			children = (
				2EB3D0E9AB8CB7B255F7CE69 /* en */,
				59208848085D4AB891E060B3 /* zh-Hans */,
				795D9763E81217A7815A0721 /* zh-Hant */,
			);
			name = Localizable.strings;
			sourceTree = "<group>";
		};
/* End PBXVariantGroup section */

/* Begin XCBuildConfiguration section */
		41CF43A8FD71DE31646CEDBE /* Release */ = {
			isa = XCBuildConfiguration;
			buildSettings = {
				ALWAYS_SEARCH_USER_PATHS = NO;
				CLANG_ANALYZER_NONNULL = YES;
				CLANG_ANALYZER_NUMBER_OBJECT_CONVERSION = YES_AGGRESSIVE;
				CLANG_CXX_LANGUAGE_STANDARD = "gnu++14";
				CLANG_CXX_LIBRARY = "libc++";
				CLANG_ENABLE_MODULES = YES;
				CLANG_ENABLE_OBJC_ARC = YES;
				CLANG_ENABLE_OBJC_WEAK = YES;
				CLANG_WARN_BLOCK_CAPTURE_AUTORELEASING = YES;
				CLANG_WARN_BOOL_CONVERSION = YES;
				CLANG_WARN_COMMA = YES;
				CLANG_WARN_CONSTANT_CONVERSION = YES;
				CLANG_WARN_DEPRECATED_OBJC_IMPLEMENTATIONS = YES;
				CLANG_WARN_DIRECT_OBJC_ISA_USAGE = YES_ERROR;
				CLANG_WARN_DOCUMENTATION_COMMENTS = YES;
				CLANG_WARN_EMPTY_BODY = YES;
				CLANG_WARN_ENUM_CONVERSION = YES;
				CLANG_WARN_INFINITE_RECURSION = YES;
				CLANG_WARN_INT_CONVERSION = YES;
				CLANG_WARN_NON_LITERAL_NULL_CONVERSION = YES;
				CLANG_WARN_OBJC_IMPLICIT_RETAIN_SELF = YES;
				CLANG_WARN_OBJC_LITERAL_CONVERSION = YES;
				CLANG_WARN_OBJC_ROOT_CLASS = YES_ERROR;
				CLANG_WARN_QUOTED_INCLUDE_IN_FRAMEWORK_HEADER = YES;
				CLANG_WARN_RANGE_LOOP_ANALYSIS = YES;
				CLANG_WARN_STRICT_PROTOTYPES = YES;
				CLANG_WARN_SUSPICIOUS_MOVE = YES;
				CLANG_WARN_UNGUARDED_AVAILABILITY = YES_AGGRESSIVE;
				CLANG_WARN_UNREACHABLE_CODE = YES;
				CLANG_WARN__DUPLICATE_METHOD_MATCH = YES;
				COPY_PHASE_STRIP = NO;
				DEBUG_INFORMATION_FORMAT = "dwarf-with-dsym";
				ENABLE_NS_ASSERTIONS = NO;
				ENABLE_STRICT_OBJC_MSGSEND = YES;
				GCC_C_LANGUAGE_STANDARD = gnu11;
				GCC_NO_COMMON_BLOCKS = YES;
				GCC_WARN_64_TO_32_BIT_CONVERSION = YES;
				GCC_WARN_ABOUT_RETURN_TYPE = YES_ERROR;
				GCC_WARN_UNDECLARED_SELECTOR = YES;
				GCC_WARN_UNINITIALIZED_AUTOS = YES_AGGRESSIVE;
				GCC_WARN_UNUSED_FUNCTION = YES;
				GCC_WARN_UNUSED_VARIABLE = YES;
				MACOSX_DEPLOYMENT_TARGET = 14.0;
				MTL_ENABLE_DEBUG_INFO = NO;
				MTL_FAST_MATH = YES;
				PRODUCT_NAME = "$(TARGET_NAME)";
				SDKROOT = macosx;
				SWIFT_COMPILATION_MODE = wholemodule;
				SWIFT_OPTIMIZATION_LEVEL = "-O";
				SWIFT_VERSION = 6.0;
			};
			name = Release;
		};
		5634D4288777D87651B8D289 /* Debug */ = {
			isa = XCBuildConfiguration;
			buildSettings = {
				ASSETCATALOG_COMPILER_APPICON_NAME = AppIcon;
				CODE_SIGN_ENTITLEMENTS = MacPasteHistory/MacPasteHistory.entitlements;
				CODE_SIGN_STYLE = Automatic;
				COMBINE_HIDPI_IMAGES = YES;
				GENERATE_INFOPLIST_FILE = NO;
				INFOPLIST_FILE = MacPasteHistory/Resources/Info.plist;
				LD_RUNPATH_SEARCH_PATHS = (
					"$(inherited)",
					"@executable_path/../Frameworks",
				);
				PRODUCT_BUNDLE_IDENTIFIER = com.peibin.MacPasteHistory;
				PRODUCT_MODULE_NAME = MacPasteHistory;
				PRODUCT_NAME = "粘易";
				SDKROOT = macosx;
			};
			name = Debug;
		};
		630D083DB7F6E7D0F6194777 /* Debug */ = {
			isa = XCBuildConfiguration;
			buildSettings = {
				ALWAYS_SEARCH_USER_PATHS = NO;
				CLANG_ANALYZER_NONNULL = YES;
				CLANG_ANALYZER_NUMBER_OBJECT_CONVERSION = YES_AGGRESSIVE;
				CLANG_CXX_LANGUAGE_STANDARD = "gnu++14";
				CLANG_CXX_LIBRARY = "libc++";
				CLANG_ENABLE_MODULES = YES;
				CLANG_ENABLE_OBJC_ARC = YES;
				CLANG_ENABLE_OBJC_WEAK = YES;
				CLANG_WARN_BLOCK_CAPTURE_AUTORELEASING = YES;
				CLANG_WARN_BOOL_CONVERSION = YES;
				CLANG_WARN_COMMA = YES;
				CLANG_WARN_CONSTANT_CONVERSION = YES;
				CLANG_WARN_DEPRECATED_OBJC_IMPLEMENTATIONS = YES;
				CLANG_WARN_DIRECT_OBJC_ISA_USAGE = YES_ERROR;
				CLANG_WARN_DOCUMENTATION_COMMENTS = YES;
				CLANG_WARN_EMPTY_BODY = YES;
				CLANG_WARN_ENUM_CONVERSION = YES;
				CLANG_WARN_INFINITE_RECURSION = YES;
				CLANG_WARN_INT_CONVERSION = YES;
				CLANG_WARN_NON_LITERAL_NULL_CONVERSION = YES;
				CLANG_WARN_OBJC_IMPLICIT_RETAIN_SELF = YES;
				CLANG_WARN_OBJC_LITERAL_CONVERSION = YES;
				CLANG_WARN_OBJC_ROOT_CLASS = YES_ERROR;
				CLANG_WARN_QUOTED_INCLUDE_IN_FRAMEWORK_HEADER = YES;
				CLANG_WARN_RANGE_LOOP_ANALYSIS = YES;
				CLANG_WARN_STRICT_PROTOTYPES = YES;
				CLANG_WARN_SUSPICIOUS_MOVE = YES;
				CLANG_WARN_UNGUARDED_AVAILABILITY = YES_AGGRESSIVE;
				CLANG_WARN_UNREACHABLE_CODE = YES;
				CLANG_WARN__DUPLICATE_METHOD_MATCH = YES;
				COPY_PHASE_STRIP = NO;
				DEBUG_INFORMATION_FORMAT = dwarf;
				ENABLE_STRICT_OBJC_MSGSEND = YES;
				ENABLE_TESTABILITY = YES;
				GCC_C_LANGUAGE_STANDARD = gnu11;
				GCC_DYNAMIC_NO_PIC = NO;
				GCC_NO_COMMON_BLOCKS = YES;
				GCC_OPTIMIZATION_LEVEL = 0;
				GCC_PREPROCESSOR_DEFINITIONS = (
					"$(inherited)",
					"DEBUG=1",
				);
				GCC_WARN_64_TO_32_BIT_CONVERSION = YES;
				GCC_WARN_ABOUT_RETURN_TYPE = YES_ERROR;
				GCC_WARN_UNDECLARED_SELECTOR = YES;
				GCC_WARN_UNINITIALIZED_AUTOS = YES_AGGRESSIVE;
				GCC_WARN_UNUSED_FUNCTION = YES;
				GCC_WARN_UNUSED_VARIABLE = YES;
				MACOSX_DEPLOYMENT_TARGET = 14.0;
				MTL_ENABLE_DEBUG_INFO = INCLUDE_SOURCE;
				MTL_FAST_MATH = YES;
				ONLY_ACTIVE_ARCH = YES;
				PRODUCT_NAME = "$(TARGET_NAME)";
				SDKROOT = macosx;
				SWIFT_ACTIVE_COMPILATION_CONDITIONS = DEBUG;
				SWIFT_OPTIMIZATION_LEVEL = "-Onone";
				SWIFT_VERSION = 6.0;
			};
			name = Debug;
		};
		7749F1EB4B8800658085D4DD /* Release */ = {
			isa = XCBuildConfiguration;
			buildSettings = {
				BUNDLE_LOADER = "$(TEST_HOST)";
				COMBINE_HIDPI_IMAGES = YES;
				GENERATE_INFOPLIST_FILE = YES;
				LD_RUNPATH_SEARCH_PATHS = (
					"$(inherited)",
					"@executable_path/../Frameworks",
					"@loader_path/../Frameworks",
				);
				PRODUCT_BUNDLE_IDENTIFIER = com.peibin.MacPasteHistoryTests;
				SDKROOT = macosx;
				TEST_HOST = "$(BUILT_PRODUCTS_DIR)/粘易.app/Contents/MacOS/粘易";
			};
			name = Release;
		};
		922CA742B067E490B82242E7 /* Debug */ = {
			isa = XCBuildConfiguration;
			buildSettings = {
				BUNDLE_LOADER = "$(TEST_HOST)";
				COMBINE_HIDPI_IMAGES = YES;
				GENERATE_INFOPLIST_FILE = YES;
				LD_RUNPATH_SEARCH_PATHS = (
					"$(inherited)",
					"@executable_path/../Frameworks",
					"@loader_path/../Frameworks",
				);
				PRODUCT_BUNDLE_IDENTIFIER = com.peibin.MacPasteHistoryTests;
				SDKROOT = macosx;
				TEST_HOST = "$(BUILT_PRODUCTS_DIR)/粘易.app/Contents/MacOS/粘易";
			};
			name = Debug;
		};
		FF36AA7CF4C7706508B1065D /* Release */ = {
			isa = XCBuildConfiguration;
			buildSettings = {
				ASSETCATALOG_COMPILER_APPICON_NAME = AppIcon;
				CODE_SIGN_ENTITLEMENTS = MacPasteHistory/MacPasteHistory.entitlements;
				CODE_SIGN_STYLE = Automatic;
				COMBINE_HIDPI_IMAGES = YES;
				COPY_PHASE_STRIP = YES;
				DEPLOYMENT_POSTPROCESSING = YES;
				ENABLE_DEBUG_DYLIB_SUPPORT = NO;
				GENERATE_INFOPLIST_FILE = NO;
				INFOPLIST_FILE = MacPasteHistory/Resources/Info.plist;
				LD_RUNPATH_SEARCH_PATHS = (
					"$(inherited)",
					"@executable_path/../Frameworks",
				);
				PRODUCT_BUNDLE_IDENTIFIER = com.peibin.MacPasteHistory;
				PRODUCT_MODULE_NAME = MacPasteHistory;
				PRODUCT_NAME = "粘易";
				SDKROOT = macosx;
				STRIP_STYLE = "non-global";
				SWIFT_COMPILATION_MODE = wholemodule;
				SWIFT_OPTIMIZATION_LEVEL = "-O";
			};
			name = Release;
		};
/* End XCBuildConfiguration section */

/* Begin XCConfigurationList section */
		3482D086617A7D31DD6BAF3C /* Build configuration list for PBXNativeTarget "MacPasteHistory" */ = {
			isa = XCConfigurationList;
			buildConfigurations = (
				5634D4288777D87651B8D289 /* Debug */,
				FF36AA7CF4C7706508B1065D /* Release */,
			);
			defaultConfigurationIsVisible = 0;
			defaultConfigurationName = Debug;
		};
		A6410CA9612CE40FA597972E /* Build configuration list for PBXNativeTarget "MacPasteHistoryTests" */ = {
			isa = XCConfigurationList;
			buildConfigurations = (
				922CA742B067E490B82242E7 /* Debug */,
				7749F1EB4B8800658085D4DD /* Release */,
			);
			defaultConfigurationIsVisible = 0;
			defaultConfigurationName = Debug;
		};
		BF2825860B0A06A7099EE807 /* Build configuration list for PBXProject "MacPasteHistory" */ = {
			isa = XCConfigurationList;
			buildConfigurations = (
				630D083DB7F6E7D0F6194777 /* Debug */,
				41CF43A8FD71DE31646CEDBE /* Release */,
			);
			defaultConfigurationIsVisible = 0;
			defaultConfigurationName = Debug;
		};
/* End XCConfigurationList section */
	};
	rootObject = 0696C65F22B084462184F43C /* Project object */;
}
